{
    "_readme": [
        "This file locks the dependencies of your project to a known state",
        "Read more about it at https://getcomposer.org/doc/01-basic-usage.md#installing-dependencies",
        "This file is @generated automatically"
    ],
    "content-hash": "0d6f8c543c330025042780b37e4593cb",
    "packages": [
        {
            "name": "icanboogie/inflector",
            "version": "v1.4.4",
            "source": {
                "type": "git",
                "url": "https://github.com/ICanBoogie/Inflector.git",
                "reference": "a875d3c16215327e1a2555592b167ae2591c5c2f"
            },
            "dist": {
                "type": "zip",
                "url": "https://api.github.com/repos/ICanBoogie/Inflector/zipball/a875d3c16215327e1a2555592b167ae2591c5c2f",
                "reference": "a875d3c16215327e1a2555592b167ae2591c5c2f",
                "shasum": ""
            },
            "require": {
                "ext-mbstring": "*",
                "php": ">=5.3.4"
            },
            "type": "library",
            "autoload": {
                "classmap": [
                    "lib/"
                ],
                "files": [
                    "lib/helpers.php"
                ]
            },
            "notification-url": "https://packagist.org/downloads/",
            "license": [
                "BSD-3-Clause"
            ],
            "authors": [
                {
                    "name": "Olivier Laviale",
                    "email": "olivier.laviale@gmail.com",
                    "homepage": "http://www.weirdog.com/",
                    "role": "Developer"
                }
            ],
            "description": "Multilingual inflector that transforms words from singular to plural, underscore to camel case, and more.",
            "homepage": "http://icanboogie.org/",
            "keywords": [
                "camelize",
                "hyphenate",
                "inflect",
                "multilingual",
                "pluralize",
                "singularize",
                "underscore"
            ],
            "time": "2017-06-30T13:16:14+00:00"
        }
    ],
    "packages-dev": [
        {
            "name": "eloquent/phony",
            "version": "3.1.0",
            "source": {
                "type": "git",
                "url": "https://github.com/eloquent/phony.git",
                "reference": "54ac8a937079da0d818d82aaf5edd61501c48f2c"
            },
            "dist": {
                "type": "zip",
                "url": "https://api.github.com/repos/eloquent/phony/zipball/54ac8a937079da0d818d82aaf5edd61501c48f2c",
                "reference": "54ac8a937079da0d818d82aaf5edd61501c48f2c",
                "shasum": ""
            },
            "require": {
                "php": ">=7.1"
            },
            "require-dev": {
                "errors/exceptions": "^0.2",
                "ext-pdo": "*",
                "friendsofphp/php-cs-fixer": "^2",
                "hamcrest/hamcrest-php": "^2",
                "icecave/semver": "^3",
                "phpunit/phpunit": "^7"
            },
            "type": "library",
            "extra": {
                "branch-alias": {
                    "dev-master": "4.0.x-dev"
                }
            },
            "autoload": {
                "psr-4": {
                    "Eloquent\\Phony\\": "src"
                },
                "files": [
                    "src/initialize.php",
                    "src/functions.php"
                ]
            },
            "notification-url": "https://packagist.org/downloads/",
            "license": [
                "MIT"
            ],
            "authors": [
                {
                    "name": "Erin Millard",
                    "email": "ezzatron@gmail.com",
                    "homepage": "http://ezzatron.com/"
                }
            ],
            "description": "Mocks, stubs, and spies for PHP.",
            "homepage": "http://eloquent-software.com/phony/",
            "keywords": [
                "Double",
                "Dummy",
                "fake",
                "mock",
                "mocking",
                "spy",
                "stub",
                "stubbing",
                "test"
            ],
            "time": "2018-12-06T23:43:04+00:00"
        },
        {
            "name": "eloquent/phony-kahlan",
            "version": "2.0.0",
            "source": {
                "type": "git",
                "url": "https://github.com/eloquent/phony-kahlan.git",
                "reference": "a4654a7edf58268b492acc751ecbeddded9b176f"
            },
            "dist": {
                "type": "zip",
                "url": "https://api.github.com/repos/eloquent/phony-kahlan/zipball/a4654a7edf58268b492acc751ecbeddded9b176f",
                "reference": "a4654a7edf58268b492acc751ecbeddded9b176f",
                "shasum": ""
            },
            "require": {
                "eloquent/phony": "^3",
                "kahlan/kahlan": "^4",
                "php": ">=7.1"
            },
            "require-dev": {
                "errors/exceptions": "^0.2",
                "friendsofphp/php-cs-fixer": "^2"
            },
            "type": "library",
            "autoload": {
                "psr-4": {
                    "Eloquent\\Phony\\Kahlan\\": "src"
                },
                "files": [
                    "src/initialize.php",
                    "src/functions.php"
                ]
            },
            "notification-url": "https://packagist.org/downloads/",
            "license": [
                "MIT"
            ],
            "authors": [
                {
                    "name": "Erin Millard",
                    "email": "ezzatron@gmail.com",
                    "homepage": "http://ezzatron.com/"
                }
            ],
            "description": "Phony for Kahlan.",
            "homepage": "http://eloquent-software.com/phony/",
            "keywords": [
                "Double",
                "Dummy",
                "fake",
                "mock",
                "mocking",
                "spy",
                "stub",
                "stubbing",
                "test"
            ],
            "time": "2018-06-08T01:24:34+00:00"
        },
        {
            "name": "kahlan/kahlan",
            "version": "4.5.0",
            "source": {
                "type": "git",
                "url": "https://github.com/kahlan/kahlan.git",
                "reference": "6c14e9550a87a88f0c6d7270a822df9d851c474e"
            },
            "dist": {
                "type": "zip",
                "url": "https://api.github.com/repos/kahlan/kahlan/zipball/6c14e9550a87a88f0c6d7270a822df9d851c474e",
                "reference": "6c14e9550a87a88f0c6d7270a822df9d851c474e",
                "shasum": ""
            },
            "require": {
                "php": ">=5.5"
            },
            "require-dev": {
                "squizlabs/php_codesniffer": "^3.3"
            },
            "bin": [
                "bin/kahlan"
            ],
            "type": "library",
            "autoload": {
                "psr-4": {
                    "Kahlan\\": "src/"
                },
                "files": [
                    "src/functions.php"
                ]
            },
            "notification-url": "https://packagist.org/downloads/",
            "license": [
                "MIT"
            ],
            "authors": [
                {
                    "name": "CrysaLEAD"
                }
            ],
            "description": "The PHP Test Framework for Freedom, Truth and Justice.",
            "keywords": [
                "BDD",
                "Behavior-Driven Development",
                "Monkey Patching",
                "TDD",
                "mock",
                "stub",
                "testing",
                "unit test"
            ],
            "time": "2018-12-06T17:32:25+00:00"
        }
    ],
    "aliases": [],
    "minimum-stability": "stable",
    "stability-flags": [],
    "prefer-stable": false,
    "prefer-lowest": false,
    "platform": {
        "php": ">=7.3"
    },
    "platform-dev": []
}
